{
  "version": 4,
  "terraform_version": "1.8.5",
  "serial": 7,
  "lineage": "5a251927-711e-0a03-3cc1-619622f30ef2",
  "outputs": {
    "My_username": {
      "value": "ec2-user",
      "type": "string"
    },
    "my-public-ip": {
      "value": "18.234.31.109",
      "type": "string"
    }
  },
  "resources": [
    {
      "mode": "managed",
      "type": "aws_lightsail_instance",
      "name": "custom",
      "provider": "provider[\"registry.terraform.io/hashicorp/aws\"]",
      "instances": [
        {
          "schema_version": 0,
          "attributes": {
            "add_on": [],
            "arn": "arn:aws:lightsail:us-east-1:846987256738:Instance/a7115024-51e0-4b71-8b2d-51f4b7319d7e",
            "availability_zone": "us-east-1b",
            "blueprint_id": "amazon_linux_2",
            "bundle_id": "nano_3_0",
            "cpu_count": 2,
            "created_at": "2024-06-09T20:29:33Z",
            "id": "custom",
            "ip_address_type": "dualstack",
            "ipv6_address": "2600:1f18:6fdf:4901:a0df:b3f1:759e:56e3",
            "ipv6_addresses": [
              "2600:1f18:6fdf:4901:a0df:b3f1:759e:56e3"
            ],
            "is_static_ip": false,
            "key_pair_name": "LightsailDefaultKeyPair",
            "name": "custom",
            "private_ip_address": "172.26.28.195",
            "public_ip_address": "18.234.31.109",
            "ram_size": 0.5,
            "tags": {
              "Team": "DevOps",
              "create_by": "terraform",
              "env": "dev"
            },
            "tags_all": {
              "Team": "DevOps",
              "create_by": "terraform",
              "env": "dev"
            },
            "user_data": "sudo yum install -y httpd \u0026\u0026 sudo systemctl start httpd \u0026\u0026 sudo systemctl enable httpd \u0026\u0026 echo '\u003ch1\u003eDeployed via Terraform\u003c/h1\u003e' | sudo tee /var/www/html/index.html",
            "username": "ec2-user"
          },
          "sensitive_attributes": [],
          "private": "bnVsbA=="
        }
      ]
    }
  ],
  "check_results": null
}
